
Microsoft Visual Studio Solution File, Format Version 12.00
# Visual Studio Version 16
VisualStudioVersion = 16.0.29806.167
MinimumVisualStudioVersion = 10.0.40219.1
Project("{9A19103F-16F7-4668-BE54-9A1E7A4F7556}") = "DocMarkingSystemAPI", "DocMarkingSystemAPI\DocMarkingSystemAPI.csproj", "{9A2960E5-A58C-4E0D-B3E3-44AB60C68BE6}"
EndProject
Project("{9A19103F-16F7-4668-BE54-9A1E7A4F7556}") = "DocMarkingSystemContracts", "DocMarkingSystemContracts\DocMarkingSystemContracts.csproj", "{3340D1DB-495C-4212-859E-BD65CCA62C41}"
EndProject
Project("{9A19103F-16F7-4668-BE54-9A1E7A4F7556}") = "ORDAL", "InfraDAL\ORDAL.csproj", "{34D1ACE0-23DE-4C27-8F1D-2B708FE9115F}"
EndProject
Project("{9A19103F-16F7-4668-BE54-9A1E7A4F7556}") = "DALContracts", "DALContracts\DALContracts.csproj", "{662E053B-96BD-41D1-B3FF-37851EC5A9E3}"
EndProject
Project("{2150E333-8FDC-42A3-9474-1A3956D46DE8}") = "DAL", "DAL", "{5C434F5B-8210-4BA7-94F2-969A40FE15CE}"
EndProject
Project("{9A19103F-16F7-4668-BE54-9A1E7A4F7556}") = "ORDALTests", "ORDALTests\ORDALTests.csproj", "{2849C40B-3FDC-4120-B4B4-C988C7F4DC3D}"
EndProject
Project("{9A19103F-16F7-4668-BE54-9A1E7A4F7556}") = "UserService", "UserService\UserService.csproj", "{AB39542D-7ED0-4555-8768-440FAE4328B8}"
EndProject
Project("{2150E333-8FDC-42A3-9474-1A3956D46DE8}") = "Tests", "Tests", "{F2FC3777-6DEF-4D23-922B-77E6F6C7C8EC}"
EndProject
Project("{9A19103F-16F7-4668-BE54-9A1E7A4F7556}") = "UserServiceTests", "UserServiceTests\UserServiceTests.csproj", "{4F542B50-7C88-4A5A-B4E8-1B050C958A74}"
EndProject
Project("{9A19103F-16F7-4668-BE54-9A1E7A4F7556}") = "DocumentService", "DocumentService\DocumentService.csproj", "{41A032F2-B89F-4E57-A0C8-B2DD805B9000}"
EndProject
Project("{9A19103F-16F7-4668-BE54-9A1E7A4F7556}") = "DocumentServiceTests", "DocumentServiceTests\DocumentServiceTests.csproj", "{C19C38B4-8DC9-4A31-882D-FC2BFFCE1D6F}"
EndProject
Project("{9A19103F-16F7-4668-BE54-9A1E7A4F7556}") = "MarkerService", "MarkerService\MarkerService.csproj", "{CAFBE765-96DE-4D02-87F0-F3E42C18C5FE}"
EndProject
Project("{9A19103F-16F7-4668-BE54-9A1E7A4F7556}") = "MarkerServiceTests", "MarkerServiceTests\MarkerServiceTests.csproj", "{40A94C5E-C9B7-4FDD-8085-929BAE4917FA}"
EndProject
Project("{9A19103F-16F7-4668-BE54-9A1E7A4F7556}") = "SharingService", "SharingService\SharingService.csproj", "{B53D8D32-755A-44B9-A8C4-533CBE02C466}"
EndProject
Project("{9A19103F-16F7-4668-BE54-9A1E7A4F7556}") = "ShareServiceTests", "ShareServiceTests\ShareServiceTests.csproj", "{F9E18255-BC21-415F-B530-6525A941509A}"
EndProject
Project("{2150E333-8FDC-42A3-9474-1A3956D46DE8}") = "WebSocketInfra", "WebSocketInfra", "{B072E68F-E5D3-4A88-91C6-17EE53B0A9AD}"
EndProject
Project("{9A19103F-16F7-4668-BE54-9A1E7A4F7556}") = "WebSocketInfraContracts", "WebSocketInfraContracts\WebSocketInfraContracts.csproj", "{3E804022-8A0B-4B63-8F13-568EE3F485A6}"
EndProject
Project("{9A19103F-16F7-4668-BE54-9A1E7A4F7556}") = "WebSocketInfra", "WebSocketInfra\WebSocketInfra.csproj", "{6DD415E0-0EBE-4E9E-A435-F9823E65573A}"
EndProject
Project("{9A19103F-16F7-4668-BE54-9A1E7A4F7556}") = "MarkerWebSocket", "MarkerWebSocket\MarkerWebSocket.csproj", "{13BB0A12-2E0D-4DF2-AEBC-699FC2224499}"
EndProject
Project("{9A19103F-16F7-4668-BE54-9A1E7A4F7556}") = "DocumentWebSocket", "DocumentWebSocket\DocumentWebSocket.csproj", "{19BBAF02-069D-403C-86C6-3C9072081A87}"
EndProject
Project("{9A19103F-16F7-4668-BE54-9A1E7A4F7556}") = "SharingWebSocket", "SharingWebSocket\SharingWebSocket.csproj", "{02B3D55B-4AB0-44CC-A2A9-7B04C3A3C3DB}"
EndProject
Project("{FAE04EC0-301F-11D3-BF4B-00C04F79EFBC}") = "DocMarkingSystemDAL", "DocMarkingSystemDAL\DocMarkingSystemDAL.csproj", "{F5315F1D-8E5F-4912-BBC7-A6BB133C9D38}"
EndProject
Project("{FAE04EC0-301F-11D3-BF4B-00C04F79EFBC}") = "ViewWebSocket", "ViewWebSocket\ViewWebSocket.csproj", "{9C733774-F188-416B-83AA-ACA8D05DB70D}"
EndProject
Project("{FAE04EC0-301F-11D3-BF4B-00C04F79EFBC}") = "LiveDrawWebSocket", "LiveDrawWebSocket\LiveDrawWebSocket.csproj", "{084923CE-C58F-480B-BEFB-980A0B090F95}"
EndProject
Global
	GlobalSection(SolutionConfigurationPlatforms) = preSolution
		Debug|Any CPU = Debug|Any CPU
		Release|Any CPU = Release|Any CPU
	EndGlobalSection
	GlobalSection(ProjectConfigurationPlatforms) = postSolution
		{9A2960E5-A58C-4E0D-B3E3-44AB60C68BE6}.Debug|Any CPU.ActiveCfg = Debug|Any CPU
		{9A2960E5-A58C-4E0D-B3E3-44AB60C68BE6}.Debug|Any CPU.Build.0 = Debug|Any CPU
		{9A2960E5-A58C-4E0D-B3E3-44AB60C68BE6}.Release|Any CPU.ActiveCfg = Release|Any CPU
		{9A2960E5-A58C-4E0D-B3E3-44AB60C68BE6}.Release|Any CPU.Build.0 = Release|Any CPU
		{3340D1DB-495C-4212-859E-BD65CCA62C41}.Debug|Any CPU.ActiveCfg = Debug|Any CPU
		{3340D1DB-495C-4212-859E-BD65CCA62C41}.Debug|Any CPU.Build.0 = Debug|Any CPU
		{3340D1DB-495C-4212-859E-BD65CCA62C41}.Release|Any CPU.ActiveCfg = Release|Any CPU
		{3340D1DB-495C-4212-859E-BD65CCA62C41}.Release|Any CPU.Build.0 = Release|Any CPU
		{34D1ACE0-23DE-4C27-8F1D-2B708FE9115F}.Debug|Any CPU.ActiveCfg = Debug|Any CPU
		{34D1ACE0-23DE-4C27-8F1D-2B708FE9115F}.Debug|Any CPU.Build.0 = Debug|Any CPU
		{34D1ACE0-23DE-4C27-8F1D-2B708FE9115F}.Release|Any CPU.ActiveCfg = Release|Any CPU
		{34D1ACE0-23DE-4C27-8F1D-2B708FE9115F}.Release|Any CPU.Build.0 = Release|Any CPU
		{662E053B-96BD-41D1-B3FF-37851EC5A9E3}.Debug|Any CPU.ActiveCfg = Debug|Any CPU
		{662E053B-96BD-41D1-B3FF-37851EC5A9E3}.Debug|Any CPU.Build.0 = Debug|Any CPU
		{662E053B-96BD-41D1-B3FF-37851EC5A9E3}.Release|Any CPU.ActiveCfg = Release|Any CPU
		{662E053B-96BD-41D1-B3FF-37851EC5A9E3}.Release|Any CPU.Build.0 = Release|Any CPU
		{2849C40B-3FDC-4120-B4B4-C988C7F4DC3D}.Debug|Any CPU.ActiveCfg = Debug|Any CPU
		{2849C40B-3FDC-4120-B4B4-C988C7F4DC3D}.Debug|Any CPU.Build.0 = Debug|Any CPU
		{2849C40B-3FDC-4120-B4B4-C988C7F4DC3D}.Release|Any CPU.ActiveCfg = Release|Any CPU
		{2849C40B-3FDC-4120-B4B4-C988C7F4DC3D}.Release|Any CPU.Build.0 = Release|Any CPU
		{AB39542D-7ED0-4555-8768-440FAE4328B8}.Debug|Any CPU.ActiveCfg = Debug|Any CPU
		{AB39542D-7ED0-4555-8768-440FAE4328B8}.Debug|Any CPU.Build.0 = Debug|Any CPU
		{AB39542D-7ED0-4555-8768-440FAE4328B8}.Release|Any CPU.ActiveCfg = Release|Any CPU
		{AB39542D-7ED0-4555-8768-440FAE4328B8}.Release|Any CPU.Build.0 = Release|Any CPU
		{4F542B50-7C88-4A5A-B4E8-1B050C958A74}.Debug|Any CPU.ActiveCfg = Debug|Any CPU
		{4F542B50-7C88-4A5A-B4E8-1B050C958A74}.Debug|Any CPU.Build.0 = Debug|Any CPU
		{4F542B50-7C88-4A5A-B4E8-1B050C958A74}.Release|Any CPU.ActiveCfg = Release|Any CPU
		{4F542B50-7C88-4A5A-B4E8-1B050C958A74}.Release|Any CPU.Build.0 = Release|Any CPU
		{41A032F2-B89F-4E57-A0C8-B2DD805B9000}.Debug|Any CPU.ActiveCfg = Debug|Any CPU
		{41A032F2-B89F-4E57-A0C8-B2DD805B9000}.Debug|Any CPU.Build.0 = Debug|Any CPU
		{41A032F2-B89F-4E57-A0C8-B2DD805B9000}.Release|Any CPU.ActiveCfg = Release|Any CPU
		{41A032F2-B89F-4E57-A0C8-B2DD805B9000}.Release|Any CPU.Build.0 = Release|Any CPU
		{C19C38B4-8DC9-4A31-882D-FC2BFFCE1D6F}.Debug|Any CPU.ActiveCfg = Debug|Any CPU
		{C19C38B4-8DC9-4A31-882D-FC2BFFCE1D6F}.Debug|Any CPU.Build.0 = Debug|Any CPU
		{C19C38B4-8DC9-4A31-882D-FC2BFFCE1D6F}.Release|Any CPU.ActiveCfg = Release|Any CPU
		{C19C38B4-8DC9-4A31-882D-FC2BFFCE1D6F}.Release|Any CPU.Build.0 = Release|Any CPU
		{CAFBE765-96DE-4D02-87F0-F3E42C18C5FE}.Debug|Any CPU.ActiveCfg = Debug|Any CPU
		{CAFBE765-96DE-4D02-87F0-F3E42C18C5FE}.Debug|Any CPU.Build.0 = Debug|Any CPU
		{CAFBE765-96DE-4D02-87F0-F3E42C18C5FE}.Release|Any CPU.ActiveCfg = Release|Any CPU
		{CAFBE765-96DE-4D02-87F0-F3E42C18C5FE}.Release|Any CPU.Build.0 = Release|Any CPU
		{40A94C5E-C9B7-4FDD-8085-929BAE4917FA}.Debug|Any CPU.ActiveCfg = Debug|Any CPU
		{40A94C5E-C9B7-4FDD-8085-929BAE4917FA}.Debug|Any CPU.Build.0 = Debug|Any CPU
		{40A94C5E-C9B7-4FDD-8085-929BAE4917FA}.Release|Any CPU.ActiveCfg = Release|Any CPU
		{40A94C5E-C9B7-4FDD-8085-929BAE4917FA}.Release|Any CPU.Build.0 = Release|Any CPU
		{B53D8D32-755A-44B9-A8C4-533CBE02C466}.Debug|Any CPU.ActiveCfg = Debug|Any CPU
		{B53D8D32-755A-44B9-A8C4-533CBE02C466}.Debug|Any CPU.Build.0 = Debug|Any CPU
		{B53D8D32-755A-44B9-A8C4-533CBE02C466}.Release|Any CPU.ActiveCfg = Release|Any CPU
		{B53D8D32-755A-44B9-A8C4-533CBE02C466}.Release|Any CPU.Build.0 = Release|Any CPU
		{F9E18255-BC21-415F-B530-6525A941509A}.Debug|Any CPU.ActiveCfg = Debug|Any CPU
		{F9E18255-BC21-415F-B530-6525A941509A}.Debug|Any CPU.Build.0 = Debug|Any CPU
		{F9E18255-BC21-415F-B530-6525A941509A}.Release|Any CPU.ActiveCfg = Release|Any CPU
		{F9E18255-BC21-415F-B530-6525A941509A}.Release|Any CPU.Build.0 = Release|Any CPU
		{3E804022-8A0B-4B63-8F13-568EE3F485A6}.Debug|Any CPU.ActiveCfg = Debug|Any CPU
		{3E804022-8A0B-4B63-8F13-568EE3F485A6}.Debug|Any CPU.Build.0 = Debug|Any CPU
		{3E804022-8A0B-4B63-8F13-568EE3F485A6}.Release|Any CPU.ActiveCfg = Release|Any CPU
		{3E804022-8A0B-4B63-8F13-568EE3F485A6}.Release|Any CPU.Build.0 = Release|Any CPU
		{6DD415E0-0EBE-4E9E-A435-F9823E65573A}.Debug|Any CPU.ActiveCfg = Debug|Any CPU
		{6DD415E0-0EBE-4E9E-A435-F9823E65573A}.Debug|Any CPU.Build.0 = Debug|Any CPU
		{6DD415E0-0EBE-4E9E-A435-F9823E65573A}.Release|Any CPU.ActiveCfg = Release|Any CPU
		{6DD415E0-0EBE-4E9E-A435-F9823E65573A}.Release|Any CPU.Build.0 = Release|Any CPU
		{13BB0A12-2E0D-4DF2-AEBC-699FC2224499}.Debug|Any CPU.ActiveCfg = Debug|Any CPU
		{13BB0A12-2E0D-4DF2-AEBC-699FC2224499}.Debug|Any CPU.Build.0 = Debug|Any CPU
		{13BB0A12-2E0D-4DF2-AEBC-699FC2224499}.Release|Any CPU.ActiveCfg = Release|Any CPU
		{13BB0A12-2E0D-4DF2-AEBC-699FC2224499}.Release|Any CPU.Build.0 = Release|Any CPU
		{19BBAF02-069D-403C-86C6-3C9072081A87}.Debug|Any CPU.ActiveCfg = Debug|Any CPU
		{19BBAF02-069D-403C-86C6-3C9072081A87}.Debug|Any CPU.Build.0 = Debug|Any CPU
		{19BBAF02-069D-403C-86C6-3C9072081A87}.Release|Any CPU.ActiveCfg = Release|Any CPU
		{19BBAF02-069D-403C-86C6-3C9072081A87}.Release|Any CPU.Build.0 = Release|Any CPU
		{02B3D55B-4AB0-44CC-A2A9-7B04C3A3C3DB}.Debug|Any CPU.ActiveCfg = Debug|Any CPU
		{02B3D55B-4AB0-44CC-A2A9-7B04C3A3C3DB}.Debug|Any CPU.Build.0 = Debug|Any CPU
		{02B3D55B-4AB0-44CC-A2A9-7B04C3A3C3DB}.Release|Any CPU.ActiveCfg = Release|Any CPU
		{02B3D55B-4AB0-44CC-A2A9-7B04C3A3C3DB}.Release|Any CPU.Build.0 = Release|Any CPU
		{F5315F1D-8E5F-4912-BBC7-A6BB133C9D38}.Debug|Any CPU.ActiveCfg = Debug|Any CPU
		{F5315F1D-8E5F-4912-BBC7-A6BB133C9D38}.Debug|Any CPU.Build.0 = Debug|Any CPU
		{F5315F1D-8E5F-4912-BBC7-A6BB133C9D38}.Release|Any CPU.ActiveCfg = Release|Any CPU
		{F5315F1D-8E5F-4912-BBC7-A6BB133C9D38}.Release|Any CPU.Build.0 = Release|Any CPU
		{9C733774-F188-416B-83AA-ACA8D05DB70D}.Debug|Any CPU.ActiveCfg = Debug|Any CPU
		{9C733774-F188-416B-83AA-ACA8D05DB70D}.Debug|Any CPU.Build.0 = Debug|Any CPU
		{9C733774-F188-416B-83AA-ACA8D05DB70D}.Release|Any CPU.ActiveCfg = Release|Any CPU
		{9C733774-F188-416B-83AA-ACA8D05DB70D}.Release|Any CPU.Build.0 = Release|Any CPU
		{084923CE-C58F-480B-BEFB-980A0B090F95}.Debug|Any CPU.ActiveCfg = Debug|Any CPU
		{084923CE-C58F-480B-BEFB-980A0B090F95}.Debug|Any CPU.Build.0 = Debug|Any CPU
		{084923CE-C58F-480B-BEFB-980A0B090F95}.Release|Any CPU.ActiveCfg = Release|Any CPU
		{084923CE-C58F-480B-BEFB-980A0B090F95}.Release|Any CPU.Build.0 = Release|Any CPU
	EndGlobalSection
	GlobalSection(SolutionProperties) = preSolution
		HideSolutionNode = FALSE
	EndGlobalSection
	GlobalSection(NestedProjects) = preSolution
		{34D1ACE0-23DE-4C27-8F1D-2B708FE9115F} = {5C434F5B-8210-4BA7-94F2-969A40FE15CE}
		{662E053B-96BD-41D1-B3FF-37851EC5A9E3} = {5C434F5B-8210-4BA7-94F2-969A40FE15CE}
		{2849C40B-3FDC-4120-B4B4-C988C7F4DC3D} = {5C434F5B-8210-4BA7-94F2-969A40FE15CE}
		{4F542B50-7C88-4A5A-B4E8-1B050C958A74} = {F2FC3777-6DEF-4D23-922B-77E6F6C7C8EC}
		{C19C38B4-8DC9-4A31-882D-FC2BFFCE1D6F} = {F2FC3777-6DEF-4D23-922B-77E6F6C7C8EC}
		{40A94C5E-C9B7-4FDD-8085-929BAE4917FA} = {F2FC3777-6DEF-4D23-922B-77E6F6C7C8EC}
		{F9E18255-BC21-415F-B530-6525A941509A} = {F2FC3777-6DEF-4D23-922B-77E6F6C7C8EC}
		{3E804022-8A0B-4B63-8F13-568EE3F485A6} = {B072E68F-E5D3-4A88-91C6-17EE53B0A9AD}
		{6DD415E0-0EBE-4E9E-A435-F9823E65573A} = {B072E68F-E5D3-4A88-91C6-17EE53B0A9AD}
	EndGlobalSection
	GlobalSection(ExtensibilityGlobals) = postSolution
		SolutionGuid = {D352A04B-2E93-44A3-822B-2220DA56EFE9}
	EndGlobalSection
EndGlobal
